{
  "name": "tum-web-lab2",
  "version": "1.0.0",
  "lockfileVersion": 3,
  "requires": true,
  "packages": {
    "": {
      "name": "tum-web-lab2",
      "version": "1.0.0",
      "license": "ISC",
      "dependencies": {
        "autoprefixer": "^10.4.18",
        "postcss": "^8.4.35",
        "tailwindcss": "^3.4.1"
      },
      "devDependencies": {
        "postcss-cli": "^9.1.0"
      }
    },
    "node_modules/tailwindcss": {
      "version": "3.4.1",
      "resolved": "https://registry.npmjs.org/tailwindcss/-/tailwindcss-3.4.1.tgz",
      "integrity": "sha512-qAYmXRfk3ENzuPBakNK0SRrUDipP8NQnEY6772uDhflcQz5EhRdD7JNZxyrFHVQNCwULPBn6FNPp9brpO7ctcA==",
      "dependencies": {
        "@alloc/quick-lru": "^5.2.0",
        "arg": "^5.0.2",
        "chokidar": "^3.5.3",
        "didyoumean": "^1.2.2",
        "dlv": "^1.1.3",
        "fast-glob": "^3.3.0",
        "glob-parent": "^6.0.2",
        "is-glob": "^4.0.3",
        "jiti": "^1.19.1",
        "lilconfig": "^2.1.0",
        "micromatch": "^4.0.5",
        "normalize-path": "^3.0.0",
        "object-hash": "^3.0.0",
        "picocolors": "^1.0.0",
        "postcss": "^8.4.23",
        "postcss-import": "^15.1.0",
        "postcss-js": "^4.0.1",
        "postcss-load-config": "^4.0.1",
        "postcss-nested": "^6.0.1",
        "postcss-selector-parser": "^6.0.11",
        "resolve": "^1.22.2",
        "sucrase": "^3.32.0"
      },
      "bin": {
        "tailwind": "lib/cli.js",
        "tailwindcss": "lib/cli.js"
      },
      "engines": {
        "node": ">=14.0.0"
      }
    }
  }
}